
Microsoft Visual Studio Solution File, Format Version 12.00
# Visual Studio Version 17
VisualStudioVersion = 17.4.33110.190
MinimumVisualStudioVersion = 10.0.40219.1
Project("{FAE04EC0-301F-11D3-BF4B-00C04F79EFBC}") = "Day1", "Day1\Day1.csproj", "{4D4710A1-0A9F-4D7D-BEE1-B70CD53FBB23}"
EndProject
Project("{FAE04EC0-301F-11D3-BF4B-00C04F79EFBC}") = "Day2", "Day2\Day2.csproj", "{926E0C5E-E17E-4F75-A524-FF2AFDBA6130}"
EndProject
Project("{FAE04EC0-301F-11D3-BF4B-00C04F79EFBC}") = "Day3", "Day3\Day3.csproj", "{2BE62F11-2A30-4CE2-8231-4F9F47115CF1}"
EndProject
Project("{FAE04EC0-301F-11D3-BF4B-00C04F79EFBC}") = "Day4", "Day4\Day4.csproj", "{D879028B-2DFB-4C66-8E57-CF1F76BC1586}"
EndProject
Project("{FAE04EC0-301F-11D3-BF4B-00C04F79EFBC}") = "Day5", "Day5\Day5.csproj", "{55785609-DAD3-4490-BDEC-55A30EBDB4B8}"
EndProject
Project("{FAE04EC0-301F-11D3-BF4B-00C04F79EFBC}") = "Day6", "Day6\Day6.csproj", "{760E3661-DBFD-4A9C-948C-511D1BD0D85E}"
EndProject
Global
	GlobalSection(SolutionConfigurationPlatforms) = preSolution
		Debug|Any CPU = Debug|Any CPU
		Release|Any CPU = Release|Any CPU
	EndGlobalSection
	GlobalSection(ProjectConfigurationPlatforms) = postSolution
		{4D4710A1-0A9F-4D7D-BEE1-B70CD53FBB23}.Debug|Any CPU.ActiveCfg = Debug|Any CPU
		{4D4710A1-0A9F-4D7D-BEE1-B70CD53FBB23}.Debug|Any CPU.Build.0 = Debug|Any CPU
		{4D4710A1-0A9F-4D7D-BEE1-B70CD53FBB23}.Release|Any CPU.ActiveCfg = Release|Any CPU
		{4D4710A1-0A9F-4D7D-BEE1-B70CD53FBB23}.Release|Any CPU.Build.0 = Release|Any CPU
		{926E0C5E-E17E-4F75-A524-FF2AFDBA6130}.Debug|Any CPU.ActiveCfg = Debug|Any CPU
		{926E0C5E-E17E-4F75-A524-FF2AFDBA6130}.Debug|Any CPU.Build.0 = Debug|Any CPU
		{926E0C5E-E17E-4F75-A524-FF2AFDBA6130}.Release|Any CPU.ActiveCfg = Release|Any CPU
		{926E0C5E-E17E-4F75-A524-FF2AFDBA6130}.Release|Any CPU.Build.0 = Release|Any CPU
		{2BE62F11-2A30-4CE2-8231-4F9F47115CF1}.Debug|Any CPU.ActiveCfg = Debug|Any CPU
		{2BE62F11-2A30-4CE2-8231-4F9F47115CF1}.Debug|Any CPU.Build.0 = Debug|Any CPU
		{2BE62F11-2A30-4CE2-8231-4F9F47115CF1}.Release|Any CPU.ActiveCfg = Release|Any CPU
		{2BE62F11-2A30-4CE2-8231-4F9F47115CF1}.Release|Any CPU.Build.0 = Release|Any CPU
		{D879028B-2DFB-4C66-8E57-CF1F76BC1586}.Debug|Any CPU.ActiveCfg = Debug|Any CPU
		{D879028B-2DFB-4C66-8E57-CF1F76BC1586}.Debug|Any CPU.Build.0 = Debug|Any CPU
		{D879028B-2DFB-4C66-8E57-CF1F76BC1586}.Release|Any CPU.ActiveCfg = Release|Any CPU
		{D879028B-2DFB-4C66-8E57-CF1F76BC1586}.Release|Any CPU.Build.0 = Release|Any CPU
		{55785609-DAD3-4490-BDEC-55A30EBDB4B8}.Debug|Any CPU.ActiveCfg = Debug|Any CPU
		{55785609-DAD3-4490-BDEC-55A30EBDB4B8}.Debug|Any CPU.Build.0 = Debug|Any CPU
		{55785609-DAD3-4490-BDEC-55A30EBDB4B8}.Release|Any CPU.ActiveCfg = Release|Any CPU
		{55785609-DAD3-4490-BDEC-55A30EBDB4B8}.Release|Any CPU.Build.0 = Release|Any CPU
		{760E3661-DBFD-4A9C-948C-511D1BD0D85E}.Debug|Any CPU.ActiveCfg = Debug|Any CPU
		{760E3661-DBFD-4A9C-948C-511D1BD0D85E}.Debug|Any CPU.Build.0 = Debug|Any CPU
		{760E3661-DBFD-4A9C-948C-511D1BD0D85E}.Release|Any CPU.ActiveCfg = Release|Any CPU
		{760E3661-DBFD-4A9C-948C-511D1BD0D85E}.Release|Any CPU.Build.0 = Release|Any CPU
	EndGlobalSection
	GlobalSection(SolutionProperties) = preSolution
		HideSolutionNode = FALSE
	EndGlobalSection
	GlobalSection(ExtensibilityGlobals) = postSolution
		SolutionGuid = {E403B887-CE40-414B-83D9-1776679B4F89}
	EndGlobalSection
EndGlobal
